
Microsoft Visual Studio Solution File, Format Version 12.00
# Visual Studio Version 17
VisualStudioVersion = 17.8.34525.116
MinimumVisualStudioVersion = 10.0.40219.1
Project("{9A19103F-16F7-4668-BE54-9A1E7A4F7556}") = "DL", "DL\DL.csproj", "{A9443183-A607-4D50-963C-8CBEA5613867}"
EndProject
Project("{9A19103F-16F7-4668-BE54-9A1E7A4F7556}") = "BL", "BL\BL.csproj", "{018437FF-E2D3-4BE7-ADAC-558B7E4E203F}"
EndProject
Project("{9A19103F-16F7-4668-BE54-9A1E7A4F7556}") = "ML", "ML\ML.csproj", "{84735097-EE85-4993-981E-1EC0BA2112CB}"
EndProject
Project("{9A19103F-16F7-4668-BE54-9A1E7A4F7556}") = "AngularGuzman.Server", "AngularGuzman\AngularGuzman.Server\AngularGuzman.Server.csproj", "{7CE53221-BD0D-442A-9E02-D9192359F319}"
EndProject
Project("{54A90642-561A-4BB1-A94E-469ADEE60C69}") = "angularguzman.client", "AngularGuzman\angularguzman.client\angularguzman.client.esproj", "{B2B5CDE3-38B1-4FF0-824F-80C9998F165E}"
EndProject
Project("{FAE04EC0-301F-11D3-BF4B-00C04F79EFBC}") = "DL_New", "DL_New\DL_New.csproj", "{F2D711CC-4D5A-4514-A381-F43E56C3AA7D}"
EndProject
Global
	GlobalSection(SolutionConfigurationPlatforms) = preSolution
		Debug|Any CPU = Debug|Any CPU
		Release|Any CPU = Release|Any CPU
	EndGlobalSection
	GlobalSection(ProjectConfigurationPlatforms) = postSolution
		{A9443183-A607-4D50-963C-8CBEA5613867}.Debug|Any CPU.ActiveCfg = Debug|Any CPU
		{A9443183-A607-4D50-963C-8CBEA5613867}.Debug|Any CPU.Build.0 = Debug|Any CPU
		{A9443183-A607-4D50-963C-8CBEA5613867}.Release|Any CPU.ActiveCfg = Release|Any CPU
		{A9443183-A607-4D50-963C-8CBEA5613867}.Release|Any CPU.Build.0 = Release|Any CPU
		{018437FF-E2D3-4BE7-ADAC-558B7E4E203F}.Debug|Any CPU.ActiveCfg = Debug|Any CPU
		{018437FF-E2D3-4BE7-ADAC-558B7E4E203F}.Debug|Any CPU.Build.0 = Debug|Any CPU
		{018437FF-E2D3-4BE7-ADAC-558B7E4E203F}.Release|Any CPU.ActiveCfg = Release|Any CPU
		{018437FF-E2D3-4BE7-ADAC-558B7E4E203F}.Release|Any CPU.Build.0 = Release|Any CPU
		{84735097-EE85-4993-981E-1EC0BA2112CB}.Debug|Any CPU.ActiveCfg = Debug|Any CPU
		{84735097-EE85-4993-981E-1EC0BA2112CB}.Debug|Any CPU.Build.0 = Debug|Any CPU
		{84735097-EE85-4993-981E-1EC0BA2112CB}.Release|Any CPU.ActiveCfg = Release|Any CPU
		{84735097-EE85-4993-981E-1EC0BA2112CB}.Release|Any CPU.Build.0 = Release|Any CPU
		{7CE53221-BD0D-442A-9E02-D9192359F319}.Debug|Any CPU.ActiveCfg = Debug|Any CPU
		{7CE53221-BD0D-442A-9E02-D9192359F319}.Debug|Any CPU.Build.0 = Debug|Any CPU
		{7CE53221-BD0D-442A-9E02-D9192359F319}.Release|Any CPU.ActiveCfg = Release|Any CPU
		{7CE53221-BD0D-442A-9E02-D9192359F319}.Release|Any CPU.Build.0 = Release|Any CPU
		{B2B5CDE3-38B1-4FF0-824F-80C9998F165E}.Debug|Any CPU.ActiveCfg = Debug|Any CPU
		{B2B5CDE3-38B1-4FF0-824F-80C9998F165E}.Debug|Any CPU.Build.0 = Debug|Any CPU
		{B2B5CDE3-38B1-4FF0-824F-80C9998F165E}.Debug|Any CPU.Deploy.0 = Debug|Any CPU
		{B2B5CDE3-38B1-4FF0-824F-80C9998F165E}.Release|Any CPU.ActiveCfg = Release|Any CPU
		{B2B5CDE3-38B1-4FF0-824F-80C9998F165E}.Release|Any CPU.Build.0 = Release|Any CPU
		{B2B5CDE3-38B1-4FF0-824F-80C9998F165E}.Release|Any CPU.Deploy.0 = Release|Any CPU
		{F2D711CC-4D5A-4514-A381-F43E56C3AA7D}.Debug|Any CPU.ActiveCfg = Debug|Any CPU
		{F2D711CC-4D5A-4514-A381-F43E56C3AA7D}.Debug|Any CPU.Build.0 = Debug|Any CPU
		{F2D711CC-4D5A-4514-A381-F43E56C3AA7D}.Release|Any CPU.ActiveCfg = Release|Any CPU
		{F2D711CC-4D5A-4514-A381-F43E56C3AA7D}.Release|Any CPU.Build.0 = Release|Any CPU
	EndGlobalSection
	GlobalSection(SolutionProperties) = preSolution
		HideSolutionNode = FALSE
	EndGlobalSection
	GlobalSection(ExtensibilityGlobals) = postSolution
		SolutionGuid = {E5067664-7E98-455D-B30F-4AB1BD9FAA3E}
	EndGlobalSection
EndGlobal
